
Microsoft Visual Studio Solution File, Format Version 12.00
# Visual Studio 15
VisualStudioVersion = 15.0.28010.2046
MinimumVisualStudioVersion = 10.0.40219.1
Project("{FAE04EC0-301F-11D3-BF4B-00C04F79EFBC}") = "COMP123-S2019-Lab10-301029474", "COMP123-S2019-Lab10-301029474\COMP123-S2019-Lab10-301029474.csproj", "{50B944D4-697C-4C0D-B196-9C5616746771}"
EndProject
Global
	GlobalSection(SolutionConfigurationPlatforms) = preSolution
		Debug|Any CPU = Debug|Any CPU
		Release|Any CPU = Release|Any CPU
	EndGlobalSection
	GlobalSection(ProjectConfigurationPlatforms) = postSolution
		{50B944D4-697C-4C0D-B196-9C5616746771}.Debug|Any CPU.ActiveCfg = Debug|Any CPU
		{50B944D4-697C-4C0D-B196-9C5616746771}.Debug|Any CPU.Build.0 = Debug|Any CPU
		{50B944D4-697C-4C0D-B196-9C5616746771}.Release|Any CPU.ActiveCfg = Release|Any CPU
		{50B944D4-697C-4C0D-B196-9C5616746771}.Release|Any CPU.Build.0 = Release|Any CPU
	EndGlobalSection
	GlobalSection(SolutionProperties) = preSolution
		HideSolutionNode = FALSE
	EndGlobalSection
	GlobalSection(ExtensibilityGlobals) = postSolution
		SolutionGuid = {72A5E271-1A21-4CE6-9D52-71E76E167D0C}
	EndGlobalSection
EndGlobal
